// !$*UTF8*$!
{
	archiveVersion = 1;
	classes = {
	};
	objectVersion = 50;
	objects = {

/* Begin PBXBuildFile section */
		D10FEDF521DD9DA4004B9E5A /* StrikeInteractionController.swift in Sources */ = {isa = PBXBuildFile; fileRef = D10FEDF421DD9DA4004B9E5A /* StrikeInteractionController.swift */; };
		D10FEDF721E2821A004B9E5A /* StrikeCompleteDelegate.swift in Sources */ = {isa = PBXBuildFile; fileRef = D10FEDF621E2821A004B9E5A /* StrikeCompleteDelegate.swift */; };
		D11B7F88218E1B5D009F1A77 /* ListZoomInAnimationController.swift in Sources */ = {isa = PBXBuildFile; fileRef = D11B7F87218E1B5D009F1A77 /* ListZoomInAnimationController.swift */; };
		D11B7F8A218FABB2009F1A77 /* ListZoomOutAnimationController.swift in Sources */ = {isa = PBXBuildFile; fileRef = D11B7F89218FABB2009F1A77 /* ListZoomOutAnimationController.swift */; };
		D11B7F8C21976B42009F1A77 /* ZoomInteractionController.swift in Sources */ = {isa = PBXBuildFile; fileRef = D11B7F8B21976B41009F1A77 /* ZoomInteractionController.swift */; };
		D140862521A0FF4800363E01 /* AlertController.swift in Sources */ = {isa = PBXBuildFile; fileRef = D140862421A0FF4800363E01 /* AlertController.swift */; };
		D15E3F5B21D13EF7008EF0EE /* AddItemTableViewCell.swift in Sources */ = {isa = PBXBuildFile; fileRef = D15E3F5A21D13EF7008EF0EE /* AddItemTableViewCell.swift */; };
		D15E3F5D21D14A07008EF0EE /* ToggleListedItemDelegate.swift in Sources */ = {isa = PBXBuildFile; fileRef = D15E3F5C21D14A07008EF0EE /* ToggleListedItemDelegate.swift */; };
		D15E3F5F21D3F89C008EF0EE /* ItemSmallTableViewCell.swift in Sources */ = {isa = PBXBuildFile; fileRef = D15E3F5E21D3F89C008EF0EE /* ItemSmallTableViewCell.swift */; };
		D15E3F6121D3FDAE008EF0EE /* ItemTableViewCell.swift in Sources */ = {isa = PBXBuildFile; fileRef = D15E3F6021D3FDAE008EF0EE /* ItemTableViewCell.swift */; };
		D1847E7521F6B75200466BDD /* DragReorderInteractionController.swift in Sources */ = {isa = PBXBuildFile; fileRef = D1847E7421F6B75200466BDD /* DragReorderInteractionController.swift */; };
		D1847E7722063D9700466BDD /* ReorderListDelegate.swift in Sources */ = {isa = PBXBuildFile; fileRef = D1847E7622063D9700466BDD /* ReorderListDelegate.swift */; };
		D184E06D2173BB6100F9726C /* UserPreferencesController.swift in Sources */ = {isa = PBXBuildFile; fileRef = D184E06C2173BB6000F9726C /* UserPreferencesController.swift */; };
		D184E06F217BD33E00F9726C /* EditListDelegate.swift in Sources */ = {isa = PBXBuildFile; fileRef = D184E06E217BD33E00F9726C /* EditListDelegate.swift */; };
		D184E071217BD49A00F9726C /* EditListItemsDelegate.swift in Sources */ = {isa = PBXBuildFile; fileRef = D184E070217BD49A00F9726C /* EditListItemsDelegate.swift */; };
		D1A8E015218508D600F8E36C /* DeleteListDelegate.swift in Sources */ = {isa = PBXBuildFile; fileRef = D1A8E014218508D600F8E36C /* DeleteListDelegate.swift */; };
		D1B9B721216AB4E20037B0D4 /* ListViewController.swift in Sources */ = {isa = PBXBuildFile; fileRef = D1B9B720216AB4E20037B0D4 /* ListViewController.swift */; };
		D1E7B33B2161534300C11416 /* AppDelegate.swift in Sources */ = {isa = PBXBuildFile; fileRef = D1E7B33A2161534300C11416 /* AppDelegate.swift */; };
		D1E7B33D2161534300C11416 /* ListsViewController.swift in Sources */ = {isa = PBXBuildFile; fileRef = D1E7B33C2161534300C11416 /* ListsViewController.swift */; };
		D1E7B3402161534300C11416 /* Main.storyboard in Resources */ = {isa = PBXBuildFile; fileRef = D1E7B33E2161534300C11416 /* Main.storyboard */; };
		D1E7B3432161534300C11416 /* Listaid.xcdatamodeld in Sources */ = {isa = PBXBuildFile; fileRef = D1E7B3412161534300C11416 /* Listaid.xcdatamodeld */; };
		D1E7B3452161534600C11416 /* Assets.xcassets in Resources */ = {isa = PBXBuildFile; fileRef = D1E7B3442161534600C11416 /* Assets.xcassets */; };
		D1E7B3482161534600C11416 /* LaunchScreen.storyboard in Resources */ = {isa = PBXBuildFile; fileRef = D1E7B3462161534600C11416 /* LaunchScreen.storyboard */; };
		D1E7B3532161534600C11416 /* ModelControllerTests.swift in Sources */ = {isa = PBXBuildFile; fileRef = D1E7B3522161534600C11416 /* ModelControllerTests.swift */; };
		D1E7B35E2161534600C11416 /* ListaidUITests.swift in Sources */ = {isa = PBXBuildFile; fileRef = D1E7B35D2161534600C11416 /* ListaidUITests.swift */; };
		D1E7B36D2161544500C11416 /* List.swift in Sources */ = {isa = PBXBuildFile; fileRef = D1E7B36C2161544500C11416 /* List.swift */; };
		D1E7B36F2161546A00C11416 /* Item.swift in Sources */ = {isa = PBXBuildFile; fileRef = D1E7B36E2161546A00C11416 /* Item.swift */; };
		D1E7B372216154BC00C11416 /* ListCollectionViewCell.swift in Sources */ = {isa = PBXBuildFile; fileRef = D1E7B371216154BC00C11416 /* ListCollectionViewCell.swift */; };
		D1E7B3762161553200C11416 /* ModelController.swift in Sources */ = {isa = PBXBuildFile; fileRef = D1E7B3752161553200C11416 /* ModelController.swift */; };
		D1E7B3792161556F00C11416 /* RoundedCorners.swift in Sources */ = {isa = PBXBuildFile; fileRef = D1E7B3782161556F00C11416 /* RoundedCorners.swift */; };
		D1E7B37B216155CF00C11416 /* SettingsViewController.swift in Sources */ = {isa = PBXBuildFile; fileRef = D1E7B37A216155CF00C11416 /* SettingsViewController.swift */; };
		D1E7B37D2165979000C11416 /* NewListCollectionViewCell.swift in Sources */ = {isa = PBXBuildFile; fileRef = D1E7B37C2165979000C11416 /* NewListCollectionViewCell.swift */; };
		D1EBC04E2173A6170050D784 /* AddItemsViewController.swift in Sources */ = {isa = PBXBuildFile; fileRef = D1EBC04D2173A6170050D784 /* AddItemsViewController.swift */; };
/* End PBXBuildFile section */

/* Begin PBXContainerItemProxy section */
		D1E7B34F2161534600C11416 /* PBXContainerItemProxy */ = {
			isa = PBXContainerItemProxy;
			containerPortal = D1E7B32F2161534300C11416 /* Project object */;
			proxyType = 1;
			remoteGlobalIDString = D1E7B3362161534300C11416;
			remoteInfo = Listaid;
		};
		D1E7B35A2161534600C11416 /* PBXContainerItemProxy */ = {
			isa = PBXContainerItemProxy;
			containerPortal = D1E7B32F2161534300C11416 /* Project object */;
			proxyType = 1;
			remoteGlobalIDString = D1E7B3362161534300C11416;
			remoteInfo = Listaid;
		};
/* End PBXContainerItemProxy section */

/* Begin PBXFileReference section */
		D10FEDF421DD9DA4004B9E5A /* StrikeInteractionController.swift */ = {isa = PBXFileReference; lastKnownFileType = sourcecode.swift; name = StrikeInteractionController.swift; path = ViewControllers/InteractionControllers/StrikeInteractionController.swift; sourceTree = SOURCE_ROOT; };
		D10FEDF621E2821A004B9E5A /* StrikeCompleteDelegate.swift */ = {isa = PBXFileReference; lastKnownFileType = sourcecode.swift; name = StrikeCompleteDelegate.swift; path = Protocols/StrikeCompleteDelegate.swift; sourceTree = SOURCE_ROOT; };
		D11B7F87218E1B5D009F1A77 /* ListZoomInAnimationController.swift */ = {isa = PBXFileReference; lastKnownFileType = sourcecode.swift; path = ListZoomInAnimationController.swift; sourceTree = "<group>"; };
		D11B7F89218FABB2009F1A77 /* ListZoomOutAnimationController.swift */ = {isa = PBXFileReference; lastKnownFileType = sourcecode.swift; name = ListZoomOutAnimationController.swift; path = AnimationControllers/ListZoomOutAnimationController.swift; sourceTree = SOURCE_ROOT; };
		D11B7F8B21976B41009F1A77 /* ZoomInteractionController.swift */ = {isa = PBXFileReference; lastKnownFileType = sourcecode.swift; name = ZoomInteractionController.swift; path = ViewControllers/InteractionControllers/ZoomInteractionController.swift; sourceTree = SOURCE_ROOT; };
		D140862421A0FF4800363E01 /* AlertController.swift */ = {isa = PBXFileReference; lastKnownFileType = sourcecode.swift; path = AlertController.swift; sourceTree = "<group>"; };
		D15E3F5A21D13EF7008EF0EE /* AddItemTableViewCell.swift */ = {isa = PBXFileReference; lastKnownFileType = sourcecode.swift; path = AddItemTableViewCell.swift; sourceTree = "<group>"; };
		D15E3F5C21D14A07008EF0EE /* ToggleListedItemDelegate.swift */ = {isa = PBXFileReference; lastKnownFileType = sourcecode.swift; name = ToggleListedItemDelegate.swift; path = Protocols/ToggleListedItemDelegate.swift; sourceTree = SOURCE_ROOT; };
		D15E3F5E21D3F89C008EF0EE /* ItemSmallTableViewCell.swift */ = {isa = PBXFileReference; lastKnownFileType = sourcecode.swift; name = ItemSmallTableViewCell.swift; path = Cells/ItemSmallTableViewCell.swift; sourceTree = SOURCE_ROOT; };
		D15E3F6021D3FDAE008EF0EE /* ItemTableViewCell.swift */ = {isa = PBXFileReference; lastKnownFileType = sourcecode.swift; path = ItemTableViewCell.swift; sourceTree = "<group>"; };
		D1847E7421F6B75200466BDD /* DragReorderInteractionController.swift */ = {isa = PBXFileReference; lastKnownFileType = sourcecode.swift; path = DragReorderInteractionController.swift; sourceTree = "<group>"; };
		D1847E7622063D9700466BDD /* ReorderListDelegate.swift */ = {isa = PBXFileReference; lastKnownFileType = sourcecode.swift; path = ReorderListDelegate.swift; sourceTree = "<group>"; };
		D184E06C2173BB6000F9726C /* UserPreferencesController.swift */ = {isa = PBXFileReference; lastKnownFileType = sourcecode.swift; path = UserPreferencesController.swift; sourceTree = "<group>"; };
		D184E06E217BD33E00F9726C /* EditListDelegate.swift */ = {isa = PBXFileReference; lastKnownFileType = sourcecode.swift; path = EditListDelegate.swift; sourceTree = "<group>"; };
		D184E070217BD49A00F9726C /* EditListItemsDelegate.swift */ = {isa = PBXFileReference; lastKnownFileType = sourcecode.swift; path = EditListItemsDelegate.swift; sourceTree = "<group>"; };
		D1A8E014218508D600F8E36C /* DeleteListDelegate.swift */ = {isa = PBXFileReference; lastKnownFileType = sourcecode.swift; path = DeleteListDelegate.swift; sourceTree = "<group>"; };
		D1B9B720216AB4E20037B0D4 /* ListViewController.swift */ = {isa = PBXFileReference; lastKnownFileType = sourcecode.swift; name = ListViewController.swift; path = ViewControllers/ListViewController.swift; sourceTree = SOURCE_ROOT; };
		D1E7B3372161534300C11416 /* Listaid.app */ = {isa = PBXFileReference; explicitFileType = wrapper.application; includeInIndex = 0; path = Listaid.app; sourceTree = BUILT_PRODUCTS_DIR; };
		D1E7B33A2161534300C11416 /* AppDelegate.swift */ = {isa = PBXFileReference; lastKnownFileType = sourcecode.swift; path = AppDelegate.swift; sourceTree = "<group>"; };
		D1E7B33C2161534300C11416 /* ListsViewController.swift */ = {isa = PBXFileReference; lastKnownFileType = sourcecode.swift; path = ListsViewController.swift; sourceTree = "<group>"; };
		D1E7B33F2161534300C11416 /* Base */ = {isa = PBXFileReference; lastKnownFileType = file.storyboard; name = Base; path = Base.lproj/Main.storyboard; sourceTree = "<group>"; };
		D1E7B3422161534300C11416 /* Listaid.xcdatamodel */ = {isa = PBXFileReference; lastKnownFileType = wrapper.xcdatamodel; path = Listaid.xcdatamodel; sourceTree = "<group>"; };
		D1E7B3442161534600C11416 /* Assets.xcassets */ = {isa = PBXFileReference; lastKnownFileType = folder.assetcatalog; path = Assets.xcassets; sourceTree = "<group>"; };
		D1E7B3472161534600C11416 /* Base */ = {isa = PBXFileReference; lastKnownFileType = file.storyboard; name = Base; path = Base.lproj/LaunchScreen.storyboard; sourceTree = "<group>"; };
		D1E7B3492161534600C11416 /* Info.plist */ = {isa = PBXFileReference; lastKnownFileType = text.plist.xml; path = Info.plist; sourceTree = "<group>"; };
		D1E7B34E2161534600C11416 /* ListaidTests.xctest */ = {isa = PBXFileReference; explicitFileType = wrapper.cfbundle; includeInIndex = 0; path = ListaidTests.xctest; sourceTree = BUILT_PRODUCTS_DIR; };
		D1E7B3522161534600C11416 /* ModelControllerTests.swift */ = {isa = PBXFileReference; lastKnownFileType = sourcecode.swift; path = ModelControllerTests.swift; sourceTree = "<group>"; };
		D1E7B3542161534600C11416 /* Info.plist */ = {isa = PBXFileReference; lastKnownFileType = text.plist.xml; path = Info.plist; sourceTree = "<group>"; };
		D1E7B3592161534600C11416 /* ListaidUITests.xctest */ = {isa = PBXFileReference; explicitFileType = wrapper.cfbundle; includeInIndex = 0; path = ListaidUITests.xctest; sourceTree = BUILT_PRODUCTS_DIR; };
		D1E7B35D2161534600C11416 /* ListaidUITests.swift */ = {isa = PBXFileReference; lastKnownFileType = sourcecode.swift; path = ListaidUITests.swift; sourceTree = "<group>"; };
		D1E7B35F2161534600C11416 /* Info.plist */ = {isa = PBXFileReference; lastKnownFileType = text.plist.xml; path = Info.plist; sourceTree = "<group>"; };
		D1E7B36C2161544500C11416 /* List.swift */ = {isa = PBXFileReference; lastKnownFileType = sourcecode.swift; name = List.swift; path = Model/List.swift; sourceTree = SOURCE_ROOT; };
		D1E7B36E2161546A00C11416 /* Item.swift */ = {isa = PBXFileReference; lastKnownFileType = sourcecode.swift; path = Item.swift; sourceTree = "<group>"; };
		D1E7B371216154BC00C11416 /* ListCollectionViewCell.swift */ = {isa = PBXFileReference; lastKnownFileType = sourcecode.swift; name = ListCollectionViewCell.swift; path = Cells/ListCollectionViewCell.swift; sourceTree = SOURCE_ROOT; };
		D1E7B3752161553200C11416 /* ModelController.swift */ = {isa = PBXFileReference; lastKnownFileType = sourcecode.swift; path = ModelController.swift; sourceTree = "<group>"; };
		D1E7B3782161556F00C11416 /* RoundedCorners.swift */ = {isa = PBXFileReference; lastKnownFileType = sourcecode.swift; path = RoundedCorners.swift; sourceTree = "<group>"; };
		D1E7B37A216155CF00C11416 /* SettingsViewController.swift */ = {isa = PBXFileReference; lastKnownFileType = sourcecode.swift; path = SettingsViewController.swift; sourceTree = "<group>"; };
		D1E7B37C2165979000C11416 /* NewListCollectionViewCell.swift */ = {isa = PBXFileReference; lastKnownFileType = sourcecode.swift; name = NewListCollectionViewCell.swift; path = Cells/NewListCollectionViewCell.swift; sourceTree = SOURCE_ROOT; };
		D1EBC04D2173A6170050D784 /* AddItemsViewController.swift */ = {isa = PBXFileReference; lastKnownFileType = sourcecode.swift; name = AddItemsViewController.swift; path = ViewControllers/AddItemsViewController.swift; sourceTree = SOURCE_ROOT; };
/* End PBXFileReference section */

/* Begin PBXFrameworksBuildPhase section */
		D1E7B3342161534300C11416 /* Frameworks */ = {
			isa = PBXFrameworksBuildPhase;
			buildActionMask = 2147483647;
			files = (
			);
			runOnlyForDeploymentPostprocessing = 0;
		};
		D1E7B34B2161534600C11416 /* Frameworks */ = {
			isa = PBXFrameworksBuildPhase;
			buildActionMask = 2147483647;
			files = (
			);
			runOnlyForDeploymentPostprocessing = 0;
		};
		D1E7B3562161534600C11416 /* Frameworks */ = {
			isa = PBXFrameworksBuildPhase;
			buildActionMask = 2147483647;
			files = (
			);
			runOnlyForDeploymentPostprocessing = 0;
		};
/* End PBXFrameworksBuildPhase section */

/* Begin PBXGroup section */
		D11B7F86218E1B2E009F1A77 /* AnimationControllers */ = {
			isa = PBXGroup;
			children = (
				D11B7F87218E1B5D009F1A77 /* ListZoomInAnimationController.swift */,
				D11B7F89218FABB2009F1A77 /* ListZoomOutAnimationController.swift */,
			);
			path = AnimationControllers;
			sourceTree = "<group>";
		};
		D11B7F8D21976B50009F1A77 /* InteractionControllers */ = {
			isa = PBXGroup;
			children = (
				D11B7F8B21976B41009F1A77 /* ZoomInteractionController.swift */,
				D10FEDF421DD9DA4004B9E5A /* StrikeInteractionController.swift */,
				D1847E7421F6B75200466BDD /* DragReorderInteractionController.swift */,
			);
			name = InteractionControllers;
			path = ViewControllers/InteractionControllers;
			sourceTree = "<group>";
		};
		D1E7B32E2161534300C11416 = {
			isa = PBXGroup;
			children = (
				D1E7B3392161534300C11416 /* Listaid */,
				D1E7B3702161547E00C11416 /* Model */,
				D1E7B36B216153C100C11416 /* ViewControllers */,
				D1E7B373216154C700C11416 /* Cells */,
				D11B7F86218E1B2E009F1A77 /* AnimationControllers */,
				D11B7F8D21976B50009F1A77 /* InteractionControllers */,
				D1E7B3742161551700C11416 /* OtherControllers */,
				D1EBC0512173A9D70050D784 /* Protocols */,
				D1E7B3772161555600C11416 /* Extensions */,
				D1E7B3512161534600C11416 /* ListaidTests */,
				D1E7B35C2161534600C11416 /* ListaidUITests */,
				D1E7B3382161534300C11416 /* Products */,
			);
			sourceTree = "<group>";
		};
		D1E7B3382161534300C11416 /* Products */ = {
			isa = PBXGroup;
			children = (
				D1E7B3372161534300C11416 /* Listaid.app */,
				D1E7B34E2161534600C11416 /* ListaidTests.xctest */,
				D1E7B3592161534600C11416 /* ListaidUITests.xctest */,
			);
			name = Products;
			sourceTree = "<group>";
		};
		D1E7B3392161534300C11416 /* Listaid */ = {
			isa = PBXGroup;
			children = (
				D1E7B33A2161534300C11416 /* AppDelegate.swift */,
				D1E7B33E2161534300C11416 /* Main.storyboard */,
				D1E7B3442161534600C11416 /* Assets.xcassets */,
				D1E7B3462161534600C11416 /* LaunchScreen.storyboard */,
				D1E7B3492161534600C11416 /* Info.plist */,
				D1E7B3412161534300C11416 /* Listaid.xcdatamodeld */,
			);
			path = Listaid;
			sourceTree = "<group>";
		};
		D1E7B3512161534600C11416 /* ListaidTests */ = {
			isa = PBXGroup;
			children = (
				D1E7B3522161534600C11416 /* ModelControllerTests.swift */,
				D1E7B3542161534600C11416 /* Info.plist */,
			);
			path = ListaidTests;
			sourceTree = "<group>";
		};
		D1E7B35C2161534600C11416 /* ListaidUITests */ = {
			isa = PBXGroup;
			children = (
				D1E7B35D2161534600C11416 /* ListaidUITests.swift */,
				D1E7B35F2161534600C11416 /* Info.plist */,
			);
			path = ListaidUITests;
			sourceTree = "<group>";
		};
		D1E7B36B216153C100C11416 /* ViewControllers */ = {
			isa = PBXGroup;
			children = (
				D1E7B33C2161534300C11416 /* ListsViewController.swift */,
				D1B9B720216AB4E20037B0D4 /* ListViewController.swift */,
				D1EBC04D2173A6170050D784 /* AddItemsViewController.swift */,
				D1E7B37A216155CF00C11416 /* SettingsViewController.swift */,
			);
			path = ViewControllers;
			sourceTree = "<group>";
		};
		D1E7B3702161547E00C11416 /* Model */ = {
			isa = PBXGroup;
			children = (
				D1E7B36C2161544500C11416 /* List.swift */,
				D1E7B36E2161546A00C11416 /* Item.swift */,
			);
			path = Model;
			sourceTree = "<group>";
		};
		D1E7B373216154C700C11416 /* Cells */ = {
			isa = PBXGroup;
			children = (
				D1E7B371216154BC00C11416 /* ListCollectionViewCell.swift */,
				D1E7B37C2165979000C11416 /* NewListCollectionViewCell.swift */,
				D15E3F5A21D13EF7008EF0EE /* AddItemTableViewCell.swift */,
				D15E3F5E21D3F89C008EF0EE /* ItemSmallTableViewCell.swift */,
				D15E3F6021D3FDAE008EF0EE /* ItemTableViewCell.swift */,
			);
			path = Cells;
			sourceTree = "<group>";
		};
		D1E7B3742161551700C11416 /* OtherControllers */ = {
			isa = PBXGroup;
			children = (
				D1E7B3752161553200C11416 /* ModelController.swift */,
				D184E06C2173BB6000F9726C /* UserPreferencesController.swift */,
				D140862421A0FF4800363E01 /* AlertController.swift */,
			);
			path = OtherControllers;
			sourceTree = "<group>";
		};
		D1E7B3772161555600C11416 /* Extensions */ = {
			isa = PBXGroup;
			children = (
				D1E7B3782161556F00C11416 /* RoundedCorners.swift */,
			);
			path = Extensions;
			sourceTree = "<group>";
		};
		D1EBC0512173A9D70050D784 /* Protocols */ = {
			isa = PBXGroup;
			children = (
				D10FEDF621E2821A004B9E5A /* StrikeCompleteDelegate.swift */,
				D1847E7622063D9700466BDD /* ReorderListDelegate.swift */,
				D184E06E217BD33E00F9726C /* EditListDelegate.swift */,
				D1A8E014218508D600F8E36C /* DeleteListDelegate.swift */,
				D184E070217BD49A00F9726C /* EditListItemsDelegate.swift */,
				D15E3F5C21D14A07008EF0EE /* ToggleListedItemDelegate.swift */,
			);
			path = Protocols;
			sourceTree = "<group>";
		};
/* End PBXGroup section */

/* Begin PBXNativeTarget section */
		D1E7B3362161534300C11416 /* Listaid */ = {
			isa = PBXNativeTarget;
			buildConfigurationList = D1E7B3622161534600C11416 /* Build configuration list for PBXNativeTarget "Listaid" */;
			buildPhases = (
				D1E7B3332161534300C11416 /* Sources */,
				D1E7B3342161534300C11416 /* Frameworks */,
				D1E7B3352161534300C11416 /* Resources */,
			);
			buildRules = (
			);
			dependencies = (
			);
			name = Listaid;
			productName = Listaid;
			productReference = D1E7B3372161534300C11416 /* Listaid.app */;
			productType = "com.apple.product-type.application";
		};
		D1E7B34D2161534600C11416 /* ListaidTests */ = {
			isa = PBXNativeTarget;
			buildConfigurationList = D1E7B3652161534600C11416 /* Build configuration list for PBXNativeTarget "ListaidTests" */;
			buildPhases = (
				D1E7B34A2161534600C11416 /* Sources */,
				D1E7B34B2161534600C11416 /* Frameworks */,
				D1E7B34C2161534600C11416 /* Resources */,
			);
			buildRules = (
			);
			dependencies = (
				D1E7B3502161534600C11416 /* PBXTargetDependency */,
			);
			name = ListaidTests;
			productName = ListaidTests;
			productReference = D1E7B34E2161534600C11416 /* ListaidTests.xctest */;
			productType = "com.apple.product-type.bundle.unit-test";
		};
		D1E7B3582161534600C11416 /* ListaidUITests */ = {
			isa = PBXNativeTarget;
			buildConfigurationList = D1E7B3682161534600C11416 /* Build configuration list for PBXNativeTarget "ListaidUITests" */;
			buildPhases = (
				D1E7B3552161534600C11416 /* Sources */,
				D1E7B3562161534600C11416 /* Frameworks */,
				D1E7B3572161534600C11416 /* Resources */,
			);
			buildRules = (
			);
			dependencies = (
				D1E7B35B2161534600C11416 /* PBXTargetDependency */,
			);
			name = ListaidUITests;
			productName = ListaidUITests;
			productReference = D1E7B3592161534600C11416 /* ListaidUITests.xctest */;
			productType = "com.apple.product-type.bundle.ui-testing";
		};
/* End PBXNativeTarget section */

/* Begin PBXProject section */
		D1E7B32F2161534300C11416 /* Project object */ = {
			isa = PBXProject;
			attributes = {
				LastSwiftUpdateCheck = 1000;
				LastUpgradeCheck = 1000;
				ORGANIZATIONNAME = "Nick Murphy";
				TargetAttributes = {
					D1E7B3362161534300C11416 = {
						CreatedOnToolsVersion = 10.0;
					};
					D1E7B34D2161534600C11416 = {
						CreatedOnToolsVersion = 10.0;
						TestTargetID = D1E7B3362161534300C11416;
					};
					D1E7B3582161534600C11416 = {
						CreatedOnToolsVersion = 10.0;
						TestTargetID = D1E7B3362161534300C11416;
					};
				};
			};
			buildConfigurationList = D1E7B3322161534300C11416 /* Build configuration list for PBXProject "Listaid" */;
			compatibilityVersion = "Xcode 9.3";
			developmentRegion = en;
			hasScannedForEncodings = 0;
			knownRegions = (
				en,
				Base,
			);
			mainGroup = D1E7B32E2161534300C11416;
			productRefGroup = D1E7B3382161534300C11416 /* Products */;
			projectDirPath = "";
			projectRoot = "";
			targets = (
				D1E7B3362161534300C11416 /* Listaid */,
				D1E7B34D2161534600C11416 /* ListaidTests */,
				D1E7B3582161534600C11416 /* ListaidUITests */,
			);
		};
/* End PBXProject section */

/* Begin PBXResourcesBuildPhase section */
		D1E7B3352161534300C11416 /* Resources */ = {
			isa = PBXResourcesBuildPhase;
			buildActionMask = 2147483647;
			files = (
				D1E7B3482161534600C11416 /* LaunchScreen.storyboard in Resources */,
				D1E7B3452161534600C11416 /* Assets.xcassets in Resources */,
				D1E7B3402161534300C11416 /* Main.storyboard in Resources */,
			);
			runOnlyForDeploymentPostprocessing = 0;
		};
		D1E7B34C2161534600C11416 /* Resources */ = {
			isa = PBXResourcesBuildPhase;
			buildActionMask = 2147483647;
			files = (
			);
			runOnlyForDeploymentPostprocessing = 0;
		};
		D1E7B3572161534600C11416 /* Resources */ = {
			isa = PBXResourcesBuildPhase;
			buildActionMask = 2147483647;
			files = (
			);
			runOnlyForDeploymentPostprocessing = 0;
		};
/* End PBXResourcesBuildPhase section */

/* Begin PBXSourcesBuildPhase section */
		D1E7B3332161534300C11416 /* Sources */ = {
			isa = PBXSourcesBuildPhase;
			buildActionMask = 2147483647;
			files = (
				D1E7B372216154BC00C11416 /* ListCollectionViewCell.swift in Sources */,
				D184E06D2173BB6100F9726C /* UserPreferencesController.swift in Sources */,
				D15E3F5B21D13EF7008EF0EE /* AddItemTableViewCell.swift in Sources */,
				D1EBC04E2173A6170050D784 /* AddItemsViewController.swift in Sources */,
				D15E3F6121D3FDAE008EF0EE /* ItemTableViewCell.swift in Sources */,
				D10FEDF721E2821A004B9E5A /* StrikeCompleteDelegate.swift in Sources */,
				D1847E7722063D9700466BDD /* ReorderListDelegate.swift in Sources */,
				D1E7B36F2161546A00C11416 /* Item.swift in Sources */,
				D1E7B33D2161534300C11416 /* ListsViewController.swift in Sources */,
				D1E7B37D2165979000C11416 /* NewListCollectionViewCell.swift in Sources */,
				D11B7F8C21976B42009F1A77 /* ZoomInteractionController.swift in Sources */,
				D1E7B36D2161544500C11416 /* List.swift in Sources */,
				D184E071217BD49A00F9726C /* EditListItemsDelegate.swift in Sources */,
				D15E3F5D21D14A07008EF0EE /* ToggleListedItemDelegate.swift in Sources */,
				D1B9B721216AB4E20037B0D4 /* ListViewController.swift in Sources */,
				D1E7B3792161556F00C11416 /* RoundedCorners.swift in Sources */,
				D1E7B33B2161534300C11416 /* AppDelegate.swift in Sources */,
				D1E7B3762161553200C11416 /* ModelController.swift in Sources */,
				D11B7F8A218FABB2009F1A77 /* ListZoomOutAnimationController.swift in Sources */,
				D1E7B3432161534300C11416 /* Listaid.xcdatamodeld in Sources */,
				D1A8E015218508D600F8E36C /* DeleteListDelegate.swift in Sources */,
				D1847E7521F6B75200466BDD /* DragReorderInteractionController.swift in Sources */,
				D140862521A0FF4800363E01 /* AlertController.swift in Sources */,
				D184E06F217BD33E00F9726C /* EditListDelegate.swift in Sources */,
				D11B7F88218E1B5D009F1A77 /* ListZoomInAnimationController.swift in Sources */,
				D15E3F5F21D3F89C008EF0EE /* ItemSmallTableViewCell.swift in Sources */,
				D1E7B37B216155CF00C11416 /* SettingsViewController.swift in Sources */,
				D10FEDF521DD9DA4004B9E5A /* StrikeInteractionController.swift in Sources */,
			);
			runOnlyForDeploymentPostprocessing = 0;
		};
		D1E7B34A2161534600C11416 /* Sources */ = {
			isa = PBXSourcesBuildPhase;
			buildActionMask = 2147483647;
			files = (
				D1E7B3532161534600C11416 /* ModelControllerTests.swift in Sources */,
			);
			runOnlyForDeploymentPostprocessing = 0;
		};
		D1E7B3552161534600C11416 /* Sources */ = {
			isa = PBXSourcesBuildPhase;
			buildActionMask = 2147483647;
			files = (
				D1E7B35E2161534600C11416 /* ListaidUITests.swift in Sources */,
			);
			runOnlyForDeploymentPostprocessing = 0;
		};
/* End PBXSourcesBuildPhase section */

/* Begin PBXTargetDependency section */
		D1E7B3502161534600C11416 /* PBXTargetDependency */ = {
			isa = PBXTargetDependency;
			target = D1E7B3362161534300C11416 /* Listaid */;
			targetProxy = D1E7B34F2161534600C11416 /* PBXContainerItemProxy */;
		};
		D1E7B35B2161534600C11416 /* PBXTargetDependency */ = {
			isa = PBXTargetDependency;
			target = D1E7B3362161534300C11416 /* Listaid */;
			targetProxy = D1E7B35A2161534600C11416 /* PBXContainerItemProxy */;
		};
/* End PBXTargetDependency section */

/* Begin PBXVariantGroup section */
		D1E7B33E2161534300C11416 /* Main.storyboard */ = {
			isa = PBXVariantGroup;
			children = (
				D1E7B33F2161534300C11416 /* Base */,
			);
			name = Main.storyboard;
			sourceTree = "<group>";
		};
		D1E7B3462161534600C11416 /* LaunchScreen.storyboard */ = {
			isa = PBXVariantGroup;
			children = (
				D1E7B3472161534600C11416 /* Base */,
			);
			name = LaunchScreen.storyboard;
			sourceTree = "<group>";
		};
/* End PBXVariantGroup section */

/* Begin XCBuildConfiguration section */
		D1E7B3602161534600C11416 /* Debug */ = {
			isa = XCBuildConfiguration;
			buildSettings = {
				ALWAYS_SEARCH_USER_PATHS = NO;
				CLANG_ANALYZER_NONNULL = YES;
				CLANG_ANALYZER_NUMBER_OBJECT_CONVERSION = YES_AGGRESSIVE;
				CLANG_CXX_LANGUAGE_STANDARD = "gnu++14";
				CLANG_CXX_LIBRARY = "libc++";
				CLANG_ENABLE_MODULES = YES;
				CLANG_ENABLE_OBJC_ARC = YES;
				CLANG_ENABLE_OBJC_WEAK = YES;
				CLANG_WARN_BLOCK_CAPTURE_AUTORELEASING = YES;
				CLANG_WARN_BOOL_CONVERSION = YES;
				CLANG_WARN_COMMA = YES;
				CLANG_WARN_CONSTANT_CONVERSION = YES;
				CLANG_WARN_DEPRECATED_OBJC_IMPLEMENTATIONS = YES;
				CLANG_WARN_DIRECT_OBJC_ISA_USAGE = YES_ERROR;
				CLANG_WARN_DOCUMENTATION_COMMENTS = YES;
				CLANG_WARN_EMPTY_BODY = YES;
				CLANG_WARN_ENUM_CONVERSION = YES;
				CLANG_WARN_INFINITE_RECURSION = YES;
				CLANG_WARN_INT_CONVERSION = YES;
				CLANG_WARN_NON_LITERAL_NULL_CONVERSION = YES;
				CLANG_WARN_OBJC_IMPLICIT_RETAIN_SELF = YES;
				CLANG_WARN_OBJC_LITERAL_CONVERSION = YES;
				CLANG_WARN_OBJC_ROOT_CLASS = YES_ERROR;
				CLANG_WARN_RANGE_LOOP_ANALYSIS = YES;
				CLANG_WARN_STRICT_PROTOTYPES = YES;
				CLANG_WARN_SUSPICIOUS_MOVE = YES;
				CLANG_WARN_UNGUARDED_AVAILABILITY = YES_AGGRESSIVE;
				CLANG_WARN_UNREACHABLE_CODE = YES;
				CLANG_WARN__DUPLICATE_METHOD_MATCH = YES;
				CODE_SIGN_IDENTITY = "iPhone Developer";
				COPY_PHASE_STRIP = NO;
				DEBUG_INFORMATION_FORMAT = dwarf;
				ENABLE_STRICT_OBJC_MSGSEND = YES;
				ENABLE_TESTABILITY = YES;
				GCC_C_LANGUAGE_STANDARD = gnu11;
				GCC_DYNAMIC_NO_PIC = NO;
				GCC_NO_COMMON_BLOCKS = YES;
				GCC_OPTIMIZATION_LEVEL = 0;
				GCC_PREPROCESSOR_DEFINITIONS = (
					"DEBUG=1",
					"$(inherited)",
				);
				GCC_WARN_64_TO_32_BIT_CONVERSION = YES;
				GCC_WARN_ABOUT_RETURN_TYPE = YES_ERROR;
				GCC_WARN_UNDECLARED_SELECTOR = YES;
				GCC_WARN_UNINITIALIZED_AUTOS = YES_AGGRESSIVE;
				GCC_WARN_UNUSED_FUNCTION = YES;
				GCC_WARN_UNUSED_VARIABLE = YES;
				IPHONEOS_DEPLOYMENT_TARGET = 12.0;
				MTL_ENABLE_DEBUG_INFO = INCLUDE_SOURCE;
				MTL_FAST_MATH = YES;
				ONLY_ACTIVE_ARCH = YES;
				SDKROOT = iphoneos;
				SWIFT_ACTIVE_COMPILATION_CONDITIONS = DEBUG;
				SWIFT_OPTIMIZATION_LEVEL = "-Onone";
			};
			name = Debug;
		};
		D1E7B3612161534600C11416 /* Release */ = {
			isa = XCBuildConfiguration;
			buildSettings = {
				ALWAYS_SEARCH_USER_PATHS = NO;
				CLANG_ANALYZER_NONNULL = YES;
				CLANG_ANALYZER_NUMBER_OBJECT_CONVERSION = YES_AGGRESSIVE;
				CLANG_CXX_LANGUAGE_STANDARD = "gnu++14";
				CLANG_CXX_LIBRARY = "libc++";
				CLANG_ENABLE_MODULES = YES;
				CLANG_ENABLE_OBJC_ARC = YES;
				CLANG_ENABLE_OBJC_WEAK = YES;
				CLANG_WARN_BLOCK_CAPTURE_AUTORELEASING = YES;
				CLANG_WARN_BOOL_CONVERSION = YES;
				CLANG_WARN_COMMA = YES;
				CLANG_WARN_CONSTANT_CONVERSION = YES;
				CLANG_WARN_DEPRECATED_OBJC_IMPLEMENTATIONS = YES;
				CLANG_WARN_DIRECT_OBJC_ISA_USAGE = YES_ERROR;
				CLANG_WARN_DOCUMENTATION_COMMENTS = YES;
				CLANG_WARN_EMPTY_BODY = YES;
				CLANG_WARN_ENUM_CONVERSION = YES;
				CLANG_WARN_INFINITE_RECURSION = YES;
				CLANG_WARN_INT_CONVERSION = YES;
				CLANG_WARN_NON_LITERAL_NULL_CONVERSION = YES;
				CLANG_WARN_OBJC_IMPLICIT_RETAIN_SELF = YES;
				CLANG_WARN_OBJC_LITERAL_CONVERSION = YES;
				CLANG_WARN_OBJC_ROOT_CLASS = YES_ERROR;
				CLANG_WARN_RANGE_LOOP_ANALYSIS = YES;
				CLANG_WARN_STRICT_PROTOTYPES = YES;
				CLANG_WARN_SUSPICIOUS_MOVE = YES;
				CLANG_WARN_UNGUARDED_AVAILABILITY = YES_AGGRESSIVE;
				CLANG_WARN_UNREACHABLE_CODE = YES;
				CLANG_WARN__DUPLICATE_METHOD_MATCH = YES;
				CODE_SIGN_IDENTITY = "iPhone Developer";
				COPY_PHASE_STRIP = NO;
				DEBUG_INFORMATION_FORMAT = "dwarf-with-dsym";
				ENABLE_NS_ASSERTIONS = NO;
				ENABLE_STRICT_OBJC_MSGSEND = YES;
				GCC_C_LANGUAGE_STANDARD = gnu11;
				GCC_NO_COMMON_BLOCKS = YES;
				GCC_WARN_64_TO_32_BIT_CONVERSION = YES;
				GCC_WARN_ABOUT_RETURN_TYPE = YES_ERROR;
				GCC_WARN_UNDECLARED_SELECTOR = YES;
				GCC_WARN_UNINITIALIZED_AUTOS = YES_AGGRESSIVE;
				GCC_WARN_UNUSED_FUNCTION = YES;
				GCC_WARN_UNUSED_VARIABLE = YES;
				IPHONEOS_DEPLOYMENT_TARGET = 12.0;
				MTL_ENABLE_DEBUG_INFO = NO;
				MTL_FAST_MATH = YES;
				SDKROOT = iphoneos;
				SWIFT_COMPILATION_MODE = wholemodule;
				SWIFT_OPTIMIZATION_LEVEL = "-O";
				VALIDATE_PRODUCT = YES;
			};
			name = Release;
		};
		D1E7B3632161534600C11416 /* Debug */ = {
			isa = XCBuildConfiguration;
			buildSettings = {
				ASSETCATALOG_COMPILER_APPICON_NAME = AppIcon;
				CODE_SIGN_STYLE = Automatic;
				DEVELOPMENT_TEAM = 9XZS64KL8R;
				INFOPLIST_FILE = Listaid/Info.plist;
				LD_RUNPATH_SEARCH_PATHS = (
					"$(inherited)",
					"@executable_path/Frameworks",
				);
				PRODUCT_BUNDLE_IDENTIFIER = org.nickmurphy.Listaid;
				PRODUCT_NAME = "$(TARGET_NAME)";
				SWIFT_VERSION = 4.2;
				TARGETED_DEVICE_FAMILY = "1,2";
			};
			name = Debug;
		};
		D1E7B3642161534600C11416 /* Release */ = {
			isa = XCBuildConfiguration;
			buildSettings = {
				ASSETCATALOG_COMPILER_APPICON_NAME = AppIcon;
				CODE_SIGN_STYLE = Automatic;
				DEVELOPMENT_TEAM = 9XZS64KL8R;
				INFOPLIST_FILE = Listaid/Info.plist;
				LD_RUNPATH_SEARCH_PATHS = (
					"$(inherited)",
					"@executable_path/Frameworks",
				);
				PRODUCT_BUNDLE_IDENTIFIER = org.nickmurphy.Listaid;
				PRODUCT_NAME = "$(TARGET_NAME)";
				SWIFT_VERSION = 4.2;
				TARGETED_DEVICE_FAMILY = "1,2";
			};
			name = Release;
		};
		D1E7B3662161534600C11416 /* Debug */ = {
			isa = XCBuildConfiguration;
			buildSettings = {
				ALWAYS_EMBED_SWIFT_STANDARD_LIBRARIES = YES;
				BUNDLE_LOADER = "$(TEST_HOST)";
				CODE_SIGN_STYLE = Automatic;
				DEVELOPMENT_TEAM = 9XZS64KL8R;
				INFOPLIST_FILE = ListaidTests/Info.plist;
				LD_RUNPATH_SEARCH_PATHS = (
					"$(inherited)",
					"@executable_path/Frameworks",
					"@loader_path/Frameworks",
				);
				PRODUCT_BUNDLE_IDENTIFIER = org.nickmurphy.ListaidTests;
				PRODUCT_NAME = "$(TARGET_NAME)";
				SWIFT_VERSION = 4.2;
				TARGETED_DEVICE_FAMILY = "1,2";
				TEST_HOST = "$(BUILT_PRODUCTS_DIR)/Listaid.app/Listaid";
			};
			name = Debug;
		};
		D1E7B3672161534600C11416 /* Release */ = {
			isa = XCBuildConfiguration;
			buildSettings = {
				ALWAYS_EMBED_SWIFT_STANDARD_LIBRARIES = YES;
				BUNDLE_LOADER = "$(TEST_HOST)";
				CODE_SIGN_STYLE = Automatic;
				DEVELOPMENT_TEAM = 9XZS64KL8R;
				INFOPLIST_FILE = ListaidTests/Info.plist;
				LD_RUNPATH_SEARCH_PATHS = (
					"$(inherited)",
					"@executable_path/Frameworks",
					"@loader_path/Frameworks",
				);
				PRODUCT_BUNDLE_IDENTIFIER = org.nickmurphy.ListaidTests;
				PRODUCT_NAME = "$(TARGET_NAME)";
				SWIFT_VERSION = 4.2;
				TARGETED_DEVICE_FAMILY = "1,2";
				TEST_HOST = "$(BUILT_PRODUCTS_DIR)/Listaid.app/Listaid";
			};
			name = Release;
		};
		D1E7B3692161534600C11416 /* Debug */ = {
			isa = XCBuildConfiguration;
			buildSettings = {
				ALWAYS_EMBED_SWIFT_STANDARD_LIBRARIES = YES;
				CODE_SIGN_STYLE = Automatic;
				DEVELOPMENT_TEAM = 9XZS64KL8R;
				INFOPLIST_FILE = ListaidUITests/Info.plist;
				LD_RUNPATH_SEARCH_PATHS = (
					"$(inherited)",
					"@executable_path/Frameworks",
					"@loader_path/Frameworks",
				);
				PRODUCT_BUNDLE_IDENTIFIER = org.nickmurphy.ListaidUITests;
				PRODUCT_NAME = "$(TARGET_NAME)";
				SWIFT_VERSION = 4.2;
				TARGETED_DEVICE_FAMILY = "1,2";
				TEST_TARGET_NAME = Listaid;
			};
			name = Debug;
		};
		D1E7B36A2161534600C11416 /* Release */ = {
			isa = XCBuildConfiguration;
			buildSettings = {
				ALWAYS_EMBED_SWIFT_STANDARD_LIBRARIES = YES;
				CODE_SIGN_STYLE = Automatic;
				DEVELOPMENT_TEAM = 9XZS64KL8R;
				INFOPLIST_FILE = ListaidUITests/Info.plist;
				LD_RUNPATH_SEARCH_PATHS = (
					"$(inherited)",
					"@executable_path/Frameworks",
					"@loader_path/Frameworks",
				);
				PRODUCT_BUNDLE_IDENTIFIER = org.nickmurphy.ListaidUITests;
				PRODUCT_NAME = "$(TARGET_NAME)";
				SWIFT_VERSION = 4.2;
				TARGETED_DEVICE_FAMILY = "1,2";
				TEST_TARGET_NAME = Listaid;
			};
			name = Release;
		};
/* End XCBuildConfiguration section */

/* Begin XCConfigurationList section */
		D1E7B3322161534300C11416 /* Build configuration list for PBXProject "Listaid" */ = {
			isa = XCConfigurationList;
			buildConfigurations = (
				D1E7B3602161534600C11416 /* Debug */,
				D1E7B3612161534600C11416 /* Release */,
			);
			defaultConfigurationIsVisible = 0;
			defaultConfigurationName = Release;
		};
		D1E7B3622161534600C11416 /* Build configuration list for PBXNativeTarget "Listaid" */ = {
			isa = XCConfigurationList;
			buildConfigurations = (
				D1E7B3632161534600C11416 /* Debug */,
				D1E7B3642161534600C11416 /* Release */,
			);
			defaultConfigurationIsVisible = 0;
			defaultConfigurationName = Release;
		};
		D1E7B3652161534600C11416 /* Build configuration list for PBXNativeTarget "ListaidTests" */ = {
			isa = XCConfigurationList;
			buildConfigurations = (
				D1E7B3662161534600C11416 /* Debug */,
				D1E7B3672161534600C11416 /* Release */,
			);
			defaultConfigurationIsVisible = 0;
			defaultConfigurationName = Release;
		};
		D1E7B3682161534600C11416 /* Build configuration list for PBXNativeTarget "ListaidUITests" */ = {
			isa = XCConfigurationList;
			buildConfigurations = (
				D1E7B3692161534600C11416 /* Debug */,
				D1E7B36A2161534600C11416 /* Release */,
			);
			defaultConfigurationIsVisible = 0;
			defaultConfigurationName = Release;
		};
/* End XCConfigurationList section */

/* Begin XCVersionGroup section */
		D1E7B3412161534300C11416 /* Listaid.xcdatamodeld */ = {
			isa = XCVersionGroup;
			children = (
				D1E7B3422161534300C11416 /* Listaid.xcdatamodel */,
			);
			currentVersion = D1E7B3422161534300C11416 /* Listaid.xcdatamodel */;
			path = Listaid.xcdatamodeld;
			sourceTree = "<group>";
			versionGroupType = wrapper.xcdatamodel;
		};
/* End XCVersionGroup section */
	};
	rootObject = D1E7B32F2161534300C11416 /* Project object */;
}
